
Microsoft Visual Studio Solution File, Format Version 12.00
# Visual Studio Version 17
VisualStudioVersion = 17.14.36301.6 d17.14
MinimumVisualStudioVersion = 10.0.40219.1
Project("{FAE04EC0-301F-11D3-BF4B-00C04F79EFBC}") = "TelluriumPOS", "TelluriumPOS.csproj", "{DB86A9D1-5100-4029-9C29-AD8CC8B9A251}"
EndProject
Global
	GlobalSection(SolutionConfigurationPlatforms) = preSolution
		Debug|Any CPU = Debug|Any CPU
		Release|Any CPU = Release|Any CPU
	EndGlobalSection
	GlobalSection(ProjectConfigurationPlatforms) = postSolution
		{DB86A9D1-5100-4029-9C29-AD8CC8B9A251}.Debug|Any CPU.ActiveCfg = Debug|Any CPU
		{DB86A9D1-5100-4029-9C29-AD8CC8B9A251}.Debug|Any CPU.Build.0 = Debug|Any CPU
		{DB86A9D1-5100-4029-9C29-AD8CC8B9A251}.Release|Any CPU.ActiveCfg = Release|Any CPU
		{DB86A9D1-5100-4029-9C29-AD8CC8B9A251}.Release|Any CPU.Build.0 = Release|Any CPU
	EndGlobalSection
	GlobalSection(SolutionProperties) = preSolution
		HideSolutionNode = FALSE
	EndGlobalSection
	GlobalSection(ExtensibilityGlobals) = postSolution
		SolutionGuid = {0574DE3A-54D5-44CF-9D39-F17FC412B683}
	EndGlobalSection
EndGlobal
